
Microsoft Visual Studio Solution File, Format Version 12.00
# Visual Studio Version 16
VisualStudioVersion = 16.0.31515.178
MinimumVisualStudioVersion = 10.0.40219.1
Project("{FAE04EC0-301F-11D3-BF4B-00C04F79EFBC}") = "Telerik.Documents.Flow.MailMergeUtil", "Telerik.Documents.Flow.MailMergeUtil\Telerik.Documents.Flow.MailMergeUtil.csproj", "{886A0379-8EB1-4346-BDBB-CA5424CCF9C6}"
EndProject
Project("{FAE04EC0-301F-11D3-BF4B-00C04F79EFBC}") = "Telerik.Documents.Flow.MailMergeUtil.Tests", "Telerik.Documents.Flow.MailMergeUtil.Tests\Telerik.Documents.Flow.MailMergeUtil.Tests.csproj", "{C4E6C9AB-0EBF-4BB9-A6B4-6A0D1ED5AE6F}"
EndProject
Global
	GlobalSection(SolutionConfigurationPlatforms) = preSolution
		Debug|Any CPU = Debug|Any CPU
		Release|Any CPU = Release|Any CPU
	EndGlobalSection
	GlobalSection(ProjectConfigurationPlatforms) = postSolution
		{886A0379-8EB1-4346-BDBB-CA5424CCF9C6}.Debug|Any CPU.ActiveCfg = Debug|Any CPU
		{886A0379-8EB1-4346-BDBB-CA5424CCF9C6}.Debug|Any CPU.Build.0 = Debug|Any CPU
		{886A0379-8EB1-4346-BDBB-CA5424CCF9C6}.Release|Any CPU.ActiveCfg = Release|Any CPU
		{886A0379-8EB1-4346-BDBB-CA5424CCF9C6}.Release|Any CPU.Build.0 = Release|Any CPU
		{C4E6C9AB-0EBF-4BB9-A6B4-6A0D1ED5AE6F}.Debug|Any CPU.ActiveCfg = Debug|Any CPU
		{C4E6C9AB-0EBF-4BB9-A6B4-6A0D1ED5AE6F}.Debug|Any CPU.Build.0 = Debug|Any CPU
		{C4E6C9AB-0EBF-4BB9-A6B4-6A0D1ED5AE6F}.Release|Any CPU.ActiveCfg = Release|Any CPU
		{C4E6C9AB-0EBF-4BB9-A6B4-6A0D1ED5AE6F}.Release|Any CPU.Build.0 = Release|Any CPU
	EndGlobalSection
	GlobalSection(SolutionProperties) = preSolution
		HideSolutionNode = FALSE
	EndGlobalSection
	GlobalSection(ExtensibilityGlobals) = postSolution
		SolutionGuid = {84BB5058-FD75-44AA-8138-4C9506D4C5D0}
	EndGlobalSection
EndGlobal
